{
  "requires": true,
  "lockfileVersion": 1,
  "dependencies": {
    "fireworks-js": {
      "version": "1.1.2",
      "resolved": "https://registry.npmjs.org/fireworks-js/-/fireworks-js-1.1.2.tgz",
      "integrity": "sha512-tTmN00cnCBcx9LOlt8puuwlvx9uy4YcqcA8JdyH3vP93H+a7L/hkE4dKTpN1+d2UP7lYIA0xiNZjARHkp6BXBg=="
    }
  }
}
